
Microsoft Visual Studio Solution File, Format Version 12.00
Project("{FAE04EC0-301F-11D3-BF4B-00C04F79EFBC}") = "Shopping.Api", "src\Shopping.Api\Shopping.Api.csproj", "{47AFB267-9975-4F8A-96F5-E71EF83CC79B}"
EndProject
Project("{FAE04EC0-301F-11D3-BF4B-00C04F79EFBC}") = "Shopping.Application", "src\Shopping.Application\Shopping.Application.csproj", "{B30A78D9-8620-4289-A012-99DACF69E1F8}"
EndProject
Project("{FAE04EC0-301F-11D3-BF4B-00C04F79EFBC}") = "Shopping.Domain", "src\Shopping.Domain\Shopping.Domain.csproj", "{A80523BE-299E-4F77-AB32-3B9A81B15D52}"
EndProject
Project("{FAE04EC0-301F-11D3-BF4B-00C04F79EFBC}") = "Shopping.Infrastructure", "src\Shopping.Infrastructure\Shopping.Infrastructure.csproj", "{E6145C37-E2D3-4DED-9514-C1CB821A8DCD}"
EndProject
Project("{FAE04EC0-301F-11D3-BF4B-00C04F79EFBC}") = "Shopping.Application.Tests", "tests\Shopping.Application.Tests\Shopping.Application.Tests.csproj", "{DD9C4A72-6E4F-41CD-8558-A17C87AFB425}"
EndProject
Project("{FAE04EC0-301F-11D3-BF4B-00C04F79EFBC}") = "Shopping.Domain.Tests", "tests\Shopping.Domain.Tests\Shopping.Domain.Tests.csproj", "{73B8EADD-F065-479C-B87C-3E2B1D21D54C}"
EndProject
Global
	GlobalSection(SolutionConfigurationPlatforms) = preSolution
		Debug|Any CPU = Debug|Any CPU
		Release|Any CPU = Release|Any CPU
	EndGlobalSection
	GlobalSection(ProjectConfigurationPlatforms) = postSolution
		{47AFB267-9975-4F8A-96F5-E71EF83CC79B}.Debug|Any CPU.ActiveCfg = Debug|Any CPU
		{47AFB267-9975-4F8A-96F5-E71EF83CC79B}.Debug|Any CPU.Build.0 = Debug|Any CPU
		{47AFB267-9975-4F8A-96F5-E71EF83CC79B}.Release|Any CPU.ActiveCfg = Release|Any CPU
		{47AFB267-9975-4F8A-96F5-E71EF83CC79B}.Release|Any CPU.Build.0 = Release|Any CPU
		{B30A78D9-8620-4289-A012-99DACF69E1F8}.Debug|Any CPU.ActiveCfg = Debug|Any CPU
		{B30A78D9-8620-4289-A012-99DACF69E1F8}.Debug|Any CPU.Build.0 = Debug|Any CPU
		{B30A78D9-8620-4289-A012-99DACF69E1F8}.Release|Any CPU.ActiveCfg = Release|Any CPU
		{B30A78D9-8620-4289-A012-99DACF69E1F8}.Release|Any CPU.Build.0 = Release|Any CPU
		{A80523BE-299E-4F77-AB32-3B9A81B15D52}.Debug|Any CPU.ActiveCfg = Debug|Any CPU
		{A80523BE-299E-4F77-AB32-3B9A81B15D52}.Debug|Any CPU.Build.0 = Debug|Any CPU
		{A80523BE-299E-4F77-AB32-3B9A81B15D52}.Release|Any CPU.ActiveCfg = Release|Any CPU
		{A80523BE-299E-4F77-AB32-3B9A81B15D52}.Release|Any CPU.Build.0 = Release|Any CPU
		{E6145C37-E2D3-4DED-9514-C1CB821A8DCD}.Debug|Any CPU.ActiveCfg = Debug|Any CPU
		{E6145C37-E2D3-4DED-9514-C1CB821A8DCD}.Debug|Any CPU.Build.0 = Debug|Any CPU
		{E6145C37-E2D3-4DED-9514-C1CB821A8DCD}.Release|Any CPU.ActiveCfg = Release|Any CPU
		{E6145C37-E2D3-4DED-9514-C1CB821A8DCD}.Release|Any CPU.Build.0 = Release|Any CPU
		{DD9C4A72-6E4F-41CD-8558-A17C87AFB425}.Debug|Any CPU.ActiveCfg = Debug|Any CPU
		{DD9C4A72-6E4F-41CD-8558-A17C87AFB425}.Debug|Any CPU.Build.0 = Debug|Any CPU
		{DD9C4A72-6E4F-41CD-8558-A17C87AFB425}.Release|Any CPU.ActiveCfg = Release|Any CPU
		{DD9C4A72-6E4F-41CD-8558-A17C87AFB425}.Release|Any CPU.Build.0 = Release|Any CPU
		{73B8EADD-F065-479C-B87C-3E2B1D21D54C}.Debug|Any CPU.ActiveCfg = Debug|Any CPU
		{73B8EADD-F065-479C-B87C-3E2B1D21D54C}.Debug|Any CPU.Build.0 = Debug|Any CPU
		{73B8EADD-F065-479C-B87C-3E2B1D21D54C}.Release|Any CPU.ActiveCfg = Release|Any CPU
		{73B8EADD-F065-479C-B87C-3E2B1D21D54C}.Release|Any CPU.Build.0 = Release|Any CPU
	EndGlobalSection
EndGlobal
